
Microsoft Visual Studio Solution File, Format Version 11.00
# Visual Studio 2010
Project("{FAE04EC0-301F-11D3-BF4B-00C04F79EFBC}") = "MicroSCADARuntime", "MicroSCADARuntime.csproj", "{C527073E-F840-4E39-83AB-06929F92D2DF}"
EndProject
Project("{FAE04EC0-301F-11D3-BF4B-00C04F79EFBC}") = "MicroSCADACustomLibrary", "..\MicroSCADACustomLibrary\MicroSCADACustomLibrary.csproj", "{59E93F23-E7E4-4D2D-ADD5-648C4975BEDC}"
EndProject
Global
	GlobalSection(SolutionConfigurationPlatforms) = preSolution
		Debug|Any CPU = Debug|Any CPU
		Release|Any CPU = Release|Any CPU
	EndGlobalSection
	GlobalSection(ProjectConfigurationPlatforms) = postSolution
		{C527073E-F840-4E39-83AB-06929F92D2DF}.Debug|Any CPU.ActiveCfg = Debug|Any CPU
		{C527073E-F840-4E39-83AB-06929F92D2DF}.Debug|Any CPU.Build.0 = Debug|Any CPU
		{C527073E-F840-4E39-83AB-06929F92D2DF}.Release|Any CPU.ActiveCfg = Release|Any CPU
		{C527073E-F840-4E39-83AB-06929F92D2DF}.Release|Any CPU.Build.0 = Release|Any CPU
		{59E93F23-E7E4-4D2D-ADD5-648C4975BEDC}.Debug|Any CPU.ActiveCfg = Debug|Any CPU
		{59E93F23-E7E4-4D2D-ADD5-648C4975BEDC}.Debug|Any CPU.Build.0 = Debug|Any CPU
		{59E93F23-E7E4-4D2D-ADD5-648C4975BEDC}.Release|Any CPU.ActiveCfg = Release|Any CPU
		{59E93F23-E7E4-4D2D-ADD5-648C4975BEDC}.Release|Any CPU.Build.0 = Release|Any CPU
	EndGlobalSection
	GlobalSection(SolutionProperties) = preSolution
		HideSolutionNode = FALSE
	EndGlobalSection
EndGlobal
